
Microsoft Visual Studio Solution File, Format Version 12.00
# Visual Studio 15
VisualStudioVersion = 15.0.28307.421
MinimumVisualStudioVersion = 10.0.40219.1
Project("{8BC9CEB8-8B4A-11D0-8D11-00A0C91BC942}") = "Lab01", "Lab01\Lab01.vcxproj", "{D392C08B-3E54-4ED7-80BB-8229D60456E9}"
EndProject
Project("{8BC9CEB8-8B4A-11D0-8D11-00A0C91BC942}") = "Lab02", "Lab02\Lab02.vcxproj", "{F1F2FBC4-59B8-43ED-8424-539CECCB6544}"
EndProject
Project("{8BC9CEB8-8B4A-11D0-8D11-00A0C91BC942}") = "Lab03", "Lab03\Lab03.vcxproj", "{1432A934-FFAA-4104-840A-BDC7C15DD421}"
EndProject
Project("{8BC9CEB8-8B4A-11D0-8D11-00A0C91BC942}") = "Lab04", "Lab04\Lab04.vcxproj", "{8FB62829-5E92-4D74-9D30-69A4CA1C4CF7}"
EndProject
Project("{8BC9CEB8-8B4A-11D0-8D11-00A0C91BC942}") = "Lab05", "Lab05\Lab05.vcxproj", "{84D57105-4F47-4498-A329-C94BEC61233C}"
EndProject
Project("{8BC9CEB8-8B4A-11D0-8D11-00A0C91BC942}") = "Lab06", "Lab06\Lab06.vcxproj", "{F3D27DCD-2309-42D0-B15C-12351918E6FB}"
EndProject
Project("{8BC9CEB8-8B4A-11D0-8D11-00A0C91BC942}") = "Lab07", "Lab07\Lab07.vcxproj", "{5E3BFA3D-5E27-4FB6-BE12-5D15FD997B97}"
EndProject
Project("{8BC9CEB8-8B4A-11D0-8D11-00A0C91BC942}") = "Lab08", "Lab08\Lab08.vcxproj", "{02B748B7-A34D-450A-AE28-219E565FBA51}"
EndProject
Project("{8BC9CEB8-8B4A-11D0-8D11-00A0C91BC942}") = "Lab09", "Lab09\Lab09.vcxproj", "{0B48686C-6A48-4375-B169-CCC12649EF55}"
EndProject
Global
	GlobalSection(SolutionConfigurationPlatforms) = preSolution
		Debug|x64 = Debug|x64
		Debug|x86 = Debug|x86
		Release|x64 = Release|x64
		Release|x86 = Release|x86
	EndGlobalSection
	GlobalSection(ProjectConfigurationPlatforms) = postSolution
		{D392C08B-3E54-4ED7-80BB-8229D60456E9}.Debug|x64.ActiveCfg = Debug|x64
		{D392C08B-3E54-4ED7-80BB-8229D60456E9}.Debug|x64.Build.0 = Debug|x64
		{D392C08B-3E54-4ED7-80BB-8229D60456E9}.Debug|x86.ActiveCfg = Debug|Win32
		{D392C08B-3E54-4ED7-80BB-8229D60456E9}.Debug|x86.Build.0 = Debug|Win32
		{D392C08B-3E54-4ED7-80BB-8229D60456E9}.Release|x64.ActiveCfg = Release|x64
		{D392C08B-3E54-4ED7-80BB-8229D60456E9}.Release|x64.Build.0 = Release|x64
		{D392C08B-3E54-4ED7-80BB-8229D60456E9}.Release|x86.ActiveCfg = Release|Win32
		{D392C08B-3E54-4ED7-80BB-8229D60456E9}.Release|x86.Build.0 = Release|Win32
		{F1F2FBC4-59B8-43ED-8424-539CECCB6544}.Debug|x64.ActiveCfg = Debug|x64
		{F1F2FBC4-59B8-43ED-8424-539CECCB6544}.Debug|x64.Build.0 = Debug|x64
		{F1F2FBC4-59B8-43ED-8424-539CECCB6544}.Debug|x86.ActiveCfg = Debug|Win32
		{F1F2FBC4-59B8-43ED-8424-539CECCB6544}.Debug|x86.Build.0 = Debug|Win32
		{F1F2FBC4-59B8-43ED-8424-539CECCB6544}.Release|x64.ActiveCfg = Release|x64
		{F1F2FBC4-59B8-43ED-8424-539CECCB6544}.Release|x64.Build.0 = Release|x64
		{F1F2FBC4-59B8-43ED-8424-539CECCB6544}.Release|x86.ActiveCfg = Release|Win32
		{F1F2FBC4-59B8-43ED-8424-539CECCB6544}.Release|x86.Build.0 = Release|Win32
		{1432A934-FFAA-4104-840A-BDC7C15DD421}.Debug|x64.ActiveCfg = Debug|x64
		{1432A934-FFAA-4104-840A-BDC7C15DD421}.Debug|x64.Build.0 = Debug|x64
		{1432A934-FFAA-4104-840A-BDC7C15DD421}.Debug|x86.ActiveCfg = Debug|Win32
		{1432A934-FFAA-4104-840A-BDC7C15DD421}.Debug|x86.Build.0 = Debug|Win32
		{1432A934-FFAA-4104-840A-BDC7C15DD421}.Release|x64.ActiveCfg = Release|x64
		{1432A934-FFAA-4104-840A-BDC7C15DD421}.Release|x64.Build.0 = Release|x64
		{1432A934-FFAA-4104-840A-BDC7C15DD421}.Release|x86.ActiveCfg = Release|Win32
		{1432A934-FFAA-4104-840A-BDC7C15DD421}.Release|x86.Build.0 = Release|Win32
		{8FB62829-5E92-4D74-9D30-69A4CA1C4CF7}.Debug|x64.ActiveCfg = Debug|x64
		{8FB62829-5E92-4D74-9D30-69A4CA1C4CF7}.Debug|x64.Build.0 = Debug|x64
		{8FB62829-5E92-4D74-9D30-69A4CA1C4CF7}.Debug|x86.ActiveCfg = Debug|Win32
		{8FB62829-5E92-4D74-9D30-69A4CA1C4CF7}.Debug|x86.Build.0 = Debug|Win32
		{8FB62829-5E92-4D74-9D30-69A4CA1C4CF7}.Release|x64.ActiveCfg = Release|x64
		{8FB62829-5E92-4D74-9D30-69A4CA1C4CF7}.Release|x64.Build.0 = Release|x64
		{8FB62829-5E92-4D74-9D30-69A4CA1C4CF7}.Release|x86.ActiveCfg = Release|Win32
		{8FB62829-5E92-4D74-9D30-69A4CA1C4CF7}.Release|x86.Build.0 = Release|Win32
		{84D57105-4F47-4498-A329-C94BEC61233C}.Debug|x64.ActiveCfg = Debug|x64
		{84D57105-4F47-4498-A329-C94BEC61233C}.Debug|x64.Build.0 = Debug|x64
		{84D57105-4F47-4498-A329-C94BEC61233C}.Debug|x86.ActiveCfg = Debug|Win32
		{84D57105-4F47-4498-A329-C94BEC61233C}.Debug|x86.Build.0 = Debug|Win32
		{84D57105-4F47-4498-A329-C94BEC61233C}.Release|x64.ActiveCfg = Release|x64
		{84D57105-4F47-4498-A329-C94BEC61233C}.Release|x64.Build.0 = Release|x64
		{84D57105-4F47-4498-A329-C94BEC61233C}.Release|x86.ActiveCfg = Release|Win32
		{84D57105-4F47-4498-A329-C94BEC61233C}.Release|x86.Build.0 = Release|Win32
		{F3D27DCD-2309-42D0-B15C-12351918E6FB}.Debug|x64.ActiveCfg = Debug|x64
		{F3D27DCD-2309-42D0-B15C-12351918E6FB}.Debug|x64.Build.0 = Debug|x64
		{F3D27DCD-2309-42D0-B15C-12351918E6FB}.Debug|x86.ActiveCfg = Debug|Win32
		{F3D27DCD-2309-42D0-B15C-12351918E6FB}.Debug|x86.Build.0 = Debug|Win32
		{F3D27DCD-2309-42D0-B15C-12351918E6FB}.Release|x64.ActiveCfg = Release|x64
		{F3D27DCD-2309-42D0-B15C-12351918E6FB}.Release|x64.Build.0 = Release|x64
		{F3D27DCD-2309-42D0-B15C-12351918E6FB}.Release|x86.ActiveCfg = Release|Win32
		{F3D27DCD-2309-42D0-B15C-12351918E6FB}.Release|x86.Build.0 = Release|Win32
		{5E3BFA3D-5E27-4FB6-BE12-5D15FD997B97}.Debug|x64.ActiveCfg = Debug|x64
		{5E3BFA3D-5E27-4FB6-BE12-5D15FD997B97}.Debug|x64.Build.0 = Debug|x64
		{5E3BFA3D-5E27-4FB6-BE12-5D15FD997B97}.Debug|x86.ActiveCfg = Debug|Win32
		{5E3BFA3D-5E27-4FB6-BE12-5D15FD997B97}.Debug|x86.Build.0 = Debug|Win32
		{5E3BFA3D-5E27-4FB6-BE12-5D15FD997B97}.Release|x64.ActiveCfg = Release|x64
		{5E3BFA3D-5E27-4FB6-BE12-5D15FD997B97}.Release|x64.Build.0 = Release|x64
		{5E3BFA3D-5E27-4FB6-BE12-5D15FD997B97}.Release|x86.ActiveCfg = Release|Win32
		{5E3BFA3D-5E27-4FB6-BE12-5D15FD997B97}.Release|x86.Build.0 = Release|Win32
		{02B748B7-A34D-450A-AE28-219E565FBA51}.Debug|x64.ActiveCfg = Debug|x64
		{02B748B7-A34D-450A-AE28-219E565FBA51}.Debug|x64.Build.0 = Debug|x64
		{02B748B7-A34D-450A-AE28-219E565FBA51}.Debug|x86.ActiveCfg = Debug|Win32
		{02B748B7-A34D-450A-AE28-219E565FBA51}.Debug|x86.Build.0 = Debug|Win32
		{02B748B7-A34D-450A-AE28-219E565FBA51}.Release|x64.ActiveCfg = Release|x64
		{02B748B7-A34D-450A-AE28-219E565FBA51}.Release|x64.Build.0 = Release|x64
		{02B748B7-A34D-450A-AE28-219E565FBA51}.Release|x86.ActiveCfg = Release|Win32
		{02B748B7-A34D-450A-AE28-219E565FBA51}.Release|x86.Build.0 = Release|Win32
		{0B48686C-6A48-4375-B169-CCC12649EF55}.Debug|x64.ActiveCfg = Debug|x64
		{0B48686C-6A48-4375-B169-CCC12649EF55}.Debug|x64.Build.0 = Debug|x64
		{0B48686C-6A48-4375-B169-CCC12649EF55}.Debug|x86.ActiveCfg = Debug|Win32
		{0B48686C-6A48-4375-B169-CCC12649EF55}.Debug|x86.Build.0 = Debug|Win32
		{0B48686C-6A48-4375-B169-CCC12649EF55}.Release|x64.ActiveCfg = Release|x64
		{0B48686C-6A48-4375-B169-CCC12649EF55}.Release|x64.Build.0 = Release|x64
		{0B48686C-6A48-4375-B169-CCC12649EF55}.Release|x86.ActiveCfg = Release|Win32
		{0B48686C-6A48-4375-B169-CCC12649EF55}.Release|x86.Build.0 = Release|Win32
	EndGlobalSection
	GlobalSection(SolutionProperties) = preSolution
		HideSolutionNode = FALSE
	EndGlobalSection
	GlobalSection(ExtensibilityGlobals) = postSolution
		SolutionGuid = {6B72F114-5BF1-47CF-97A6-478FA2E6257C}
	EndGlobalSection
EndGlobal
